
Microsoft Visual Studio Solution File, Format Version 12.00
# Visual Studio Version 16
VisualStudioVersion = 16.0.30320.27
MinimumVisualStudioVersion = 10.0.40219.1
Project("{FAE04EC0-301F-11D3-BF4B-00C04F79EFBC}") = "Task 2", "Task 2\Task 2.csproj", "{6A1BD7E4-8CFC-4692-A656-4F4E5BD7783D}"
EndProject
Global
	GlobalSection(SolutionConfigurationPlatforms) = preSolution
		Debug|Any CPU = Debug|Any CPU
		Release|Any CPU = Release|Any CPU
	EndGlobalSection
	GlobalSection(ProjectConfigurationPlatforms) = postSolution
		{6A1BD7E4-8CFC-4692-A656-4F4E5BD7783D}.Debug|Any CPU.ActiveCfg = Debug|Any CPU
		{6A1BD7E4-8CFC-4692-A656-4F4E5BD7783D}.Debug|Any CPU.Build.0 = Debug|Any CPU
		{6A1BD7E4-8CFC-4692-A656-4F4E5BD7783D}.Release|Any CPU.ActiveCfg = Release|Any CPU
		{6A1BD7E4-8CFC-4692-A656-4F4E5BD7783D}.Release|Any CPU.Build.0 = Release|Any CPU
	EndGlobalSection
	GlobalSection(SolutionProperties) = preSolution
		HideSolutionNode = FALSE
	EndGlobalSection
	GlobalSection(ExtensibilityGlobals) = postSolution
		SolutionGuid = {80FA5CDA-A7CD-486F-94F6-E81AC9E77DB1}
	EndGlobalSection
EndGlobal
